
Microsoft Visual Studio Solution File, Format Version 12.00
Project("{FAE04EC0-301F-11D3-BF4B-00C04F79EFBC}") = "Task_53", "Task_53\Task_53.csproj", "{466410B8-132A-4E6C-8234-765DA2399560}"
EndProject
Project("{FAE04EC0-301F-11D3-BF4B-00C04F79EFBC}") = "Task_54_hw", "Task_54_hw\Task_54_hw.csproj", "{6D8B7968-262E-4823-8E22-99F9BAC8E1D8}"
EndProject
Project("{FAE04EC0-301F-11D3-BF4B-00C04F79EFBC}") = "Task_55", "Task_55\Task_55.csproj", "{F4D12995-6099-4DF3-9FCC-385535D30153}"
EndProject
Project("{FAE04EC0-301F-11D3-BF4B-00C04F79EFBC}") = "Task_56_hw", "Task_56_hw\Task_56_hw.csproj", "{79B5D7B6-6FE0-4D62-8AE7-E76E8C8F06BF}"
EndProject
Project("{FAE04EC0-301F-11D3-BF4B-00C04F79EFBC}") = "Task_57", "Task_57\Task_57.csproj", "{50EECAC0-F442-48D2-90FE-1A48F34F2615}"
EndProject
Project("{FAE04EC0-301F-11D3-BF4B-00C04F79EFBC}") = "Task_58_hw", "Task_58_hw\Task_58_hw.csproj", "{67BCAE76-3941-4B1F-9CDF-15A754310196}"
EndProject
Project("{FAE04EC0-301F-11D3-BF4B-00C04F79EFBC}") = "Task_59", "Task_59\Task_59.csproj", "{A5F7929C-C32B-4A98-AE86-3A3947BDBC18}"
EndProject
Project("{FAE04EC0-301F-11D3-BF4B-00C04F79EFBC}") = "Task_61", "Task_61\Task_61.csproj", "{37121562-3BDD-4D81-94E4-107BBC475B0F}"
EndProject
Project("{FAE04EC0-301F-11D3-BF4B-00C04F79EFBC}") = "Task_62_hw", "Task_62_hw\Task_62_hw.csproj", "{575B2F66-BD6A-46A1-B5CC-06F6098B282C}"
EndProject
Project("{FAE04EC0-301F-11D3-BF4B-00C04F79EFBC}") = "Task_60_hw", "Task_60_hw\Task_60_hw.csproj", "{04227B48-42AD-40E7-ABF1-7A48DF521CD9}"
EndProject
Global
	GlobalSection(SolutionConfigurationPlatforms) = preSolution
		Debug|Any CPU = Debug|Any CPU
		Release|Any CPU = Release|Any CPU
	EndGlobalSection
	GlobalSection(ProjectConfigurationPlatforms) = postSolution
		{466410B8-132A-4E6C-8234-765DA2399560}.Debug|Any CPU.ActiveCfg = Debug|Any CPU
		{466410B8-132A-4E6C-8234-765DA2399560}.Debug|Any CPU.Build.0 = Debug|Any CPU
		{466410B8-132A-4E6C-8234-765DA2399560}.Release|Any CPU.ActiveCfg = Release|Any CPU
		{466410B8-132A-4E6C-8234-765DA2399560}.Release|Any CPU.Build.0 = Release|Any CPU
		{6D8B7968-262E-4823-8E22-99F9BAC8E1D8}.Debug|Any CPU.ActiveCfg = Debug|Any CPU
		{6D8B7968-262E-4823-8E22-99F9BAC8E1D8}.Debug|Any CPU.Build.0 = Debug|Any CPU
		{6D8B7968-262E-4823-8E22-99F9BAC8E1D8}.Release|Any CPU.ActiveCfg = Release|Any CPU
		{6D8B7968-262E-4823-8E22-99F9BAC8E1D8}.Release|Any CPU.Build.0 = Release|Any CPU
		{F4D12995-6099-4DF3-9FCC-385535D30153}.Debug|Any CPU.ActiveCfg = Debug|Any CPU
		{F4D12995-6099-4DF3-9FCC-385535D30153}.Debug|Any CPU.Build.0 = Debug|Any CPU
		{F4D12995-6099-4DF3-9FCC-385535D30153}.Release|Any CPU.ActiveCfg = Release|Any CPU
		{F4D12995-6099-4DF3-9FCC-385535D30153}.Release|Any CPU.Build.0 = Release|Any CPU
		{79B5D7B6-6FE0-4D62-8AE7-E76E8C8F06BF}.Debug|Any CPU.ActiveCfg = Debug|Any CPU
		{79B5D7B6-6FE0-4D62-8AE7-E76E8C8F06BF}.Debug|Any CPU.Build.0 = Debug|Any CPU
		{79B5D7B6-6FE0-4D62-8AE7-E76E8C8F06BF}.Release|Any CPU.ActiveCfg = Release|Any CPU
		{79B5D7B6-6FE0-4D62-8AE7-E76E8C8F06BF}.Release|Any CPU.Build.0 = Release|Any CPU
		{50EECAC0-F442-48D2-90FE-1A48F34F2615}.Debug|Any CPU.ActiveCfg = Debug|Any CPU
		{50EECAC0-F442-48D2-90FE-1A48F34F2615}.Debug|Any CPU.Build.0 = Debug|Any CPU
		{50EECAC0-F442-48D2-90FE-1A48F34F2615}.Release|Any CPU.ActiveCfg = Release|Any CPU
		{50EECAC0-F442-48D2-90FE-1A48F34F2615}.Release|Any CPU.Build.0 = Release|Any CPU
		{67BCAE76-3941-4B1F-9CDF-15A754310196}.Debug|Any CPU.ActiveCfg = Debug|Any CPU
		{67BCAE76-3941-4B1F-9CDF-15A754310196}.Debug|Any CPU.Build.0 = Debug|Any CPU
		{67BCAE76-3941-4B1F-9CDF-15A754310196}.Release|Any CPU.ActiveCfg = Release|Any CPU
		{67BCAE76-3941-4B1F-9CDF-15A754310196}.Release|Any CPU.Build.0 = Release|Any CPU
		{A5F7929C-C32B-4A98-AE86-3A3947BDBC18}.Debug|Any CPU.ActiveCfg = Debug|Any CPU
		{A5F7929C-C32B-4A98-AE86-3A3947BDBC18}.Debug|Any CPU.Build.0 = Debug|Any CPU
		{A5F7929C-C32B-4A98-AE86-3A3947BDBC18}.Release|Any CPU.ActiveCfg = Release|Any CPU
		{A5F7929C-C32B-4A98-AE86-3A3947BDBC18}.Release|Any CPU.Build.0 = Release|Any CPU
		{37121562-3BDD-4D81-94E4-107BBC475B0F}.Debug|Any CPU.ActiveCfg = Debug|Any CPU
		{37121562-3BDD-4D81-94E4-107BBC475B0F}.Debug|Any CPU.Build.0 = Debug|Any CPU
		{37121562-3BDD-4D81-94E4-107BBC475B0F}.Release|Any CPU.ActiveCfg = Release|Any CPU
		{37121562-3BDD-4D81-94E4-107BBC475B0F}.Release|Any CPU.Build.0 = Release|Any CPU
		{575B2F66-BD6A-46A1-B5CC-06F6098B282C}.Debug|Any CPU.ActiveCfg = Debug|Any CPU
		{575B2F66-BD6A-46A1-B5CC-06F6098B282C}.Debug|Any CPU.Build.0 = Debug|Any CPU
		{575B2F66-BD6A-46A1-B5CC-06F6098B282C}.Release|Any CPU.ActiveCfg = Release|Any CPU
		{575B2F66-BD6A-46A1-B5CC-06F6098B282C}.Release|Any CPU.Build.0 = Release|Any CPU
		{04227B48-42AD-40E7-ABF1-7A48DF521CD9}.Debug|Any CPU.ActiveCfg = Debug|Any CPU
		{04227B48-42AD-40E7-ABF1-7A48DF521CD9}.Debug|Any CPU.Build.0 = Debug|Any CPU
		{04227B48-42AD-40E7-ABF1-7A48DF521CD9}.Release|Any CPU.ActiveCfg = Release|Any CPU
		{04227B48-42AD-40E7-ABF1-7A48DF521CD9}.Release|Any CPU.Build.0 = Release|Any CPU
	EndGlobalSection
EndGlobal
